{
  "version": 4,
  "terraform_version": "0.14.5",
  "serial": 6,
  "lineage": "68abc1db-169b-e19f-5fe7-acbe1eab6211",
  "outputs": {},
  "resources": [
    {
      "mode": "managed",
      "type": "azurerm_app_service",
      "name": "this",
      "provider": "provider[\"registry.terraform.io/hashicorp/azurerm\"]",
      "instances": [
        {
          "schema_version": 0,
          "attributes": {
            "app_service_plan_id": "/subscriptions/17612f34-5864-426a-bdf4-6511bdf52796/resourceGroups/rg-lab-we-webapp123456789012/providers/Microsoft.Web/serverfarms/asp-lab-we-webapp123456789012",
            "app_settings": {
              "DOCKER_ENABLE_CI": "TRUE",
              "DOCKER_REGISTRY_SERVER_PASSWORD": "BY=NGRMnGPW8/Ajq4cTrE08Jo+2elPBm",
              "DOCKER_REGISTRY_SERVER_URL": "https://acrlabwewebapp123456789012.azurecr.io",
              "DOCKER_REGISTRY_SERVER_USERNAME": "acrlabwewebapp123456789012",
              "PORT": "8080",
              "WEBSITES_ENABLE_APP_SERVICE_STORAGE": "false",
              "WEBSITES_PORT": "8080"
            },
            "auth_settings": [
              {
                "active_directory": [],
                "additional_login_params": {},
                "allowed_external_redirect_urls": [],
                "default_provider": "",
                "enabled": false,
                "facebook": [],
                "google": [],
                "issuer": "",
                "microsoft": [],
                "runtime_version": "",
                "token_refresh_extension_hours": 0,
                "token_store_enabled": false,
                "twitter": [],
                "unauthenticated_client_action": ""
              }
            ],
            "backup": [],
            "client_affinity_enabled": false,
            "client_cert_enabled": false,
            "connection_string": [],
            "custom_domain_verification_id": "1B0F9C63400AD6061D5F1F31666E882A63BAE615307593E0BBA4BAAFBE2D8CF6",
            "default_site_hostname": "wa-lab-we-webapp123456789012.azurewebsites.net",
            "enabled": true,
            "https_only": false,
            "id": "/subscriptions/17612f34-5864-426a-bdf4-6511bdf52796/resourceGroups/rg-lab-we-webapp123456789012/providers/Microsoft.Web/sites/wa-lab-we-webapp123456789012",
            "identity": [
              {
                "identity_ids": null,
                "principal_id": "919cf502-d184-49dd-abf7-ad0549cea0b2",
                "tenant_id": "aba116bf-7bc1-4a14-9088-d7eb5e6ad352",
                "type": "SystemAssigned"
              }
            ],
            "location": "westeurope",
            "logs": [
              {
                "application_logs": [
                  {
                    "azure_blob_storage": [],
                    "file_system_level": "Off"
                  }
                ],
                "detailed_error_messages_enabled": false,
                "failed_request_tracing_enabled": false,
                "http_logs": [
                  {
                    "azure_blob_storage": [],
                    "file_system": []
                  }
                ]
              }
            ],
            "name": "wa-lab-we-webapp123456789012",
            "outbound_ip_address_list": [
              "20.71.74.37",
              "20.71.74.40",
              "20.71.74.43",
              "20.71.74.67",
              "20.71.74.78",
              "20.71.74.89"
            ],
            "outbound_ip_addresses": "20.71.74.37,20.71.74.40,20.71.74.43,20.71.74.67,20.71.74.78,20.71.74.89",
            "possible_outbound_ip_address_list": [
              "20.71.74.37",
              "20.71.74.40",
              "20.71.74.43",
              "20.71.74.67",
              "20.71.74.78",
              "20.71.74.89",
              "20.71.74.95",
              "20.71.74.129",
              "20.71.74.148",
              "20.71.74.181",
              "20.71.74.220",
              "20.71.74.237",
              "20.71.74.243",
              "20.71.75.43",
              "20.71.75.50",
              "20.71.75.82",
              "20.71.75.86",
              "20.71.75.95"
            ],
            "possible_outbound_ip_addresses": "20.71.74.37,20.71.74.40,20.71.74.43,20.71.74.67,20.71.74.78,20.71.74.89,20.71.74.95,20.71.74.129,20.71.74.148,20.71.74.181,20.71.74.220,20.71.74.237,20.71.74.243,20.71.75.43,20.71.75.50,20.71.75.82,20.71.75.86,20.71.75.95",
            "resource_group_name": "rg-lab-we-webapp123456789012",
            "site_config": [
              {
                "always_on": false,
                "app_command_line": "",
                "auto_swap_slot_name": "",
                "cors": [
                  {
                    "allowed_origins": [],
                    "support_credentials": false
                  }
                ],
                "default_documents": null,
                "dotnet_framework_version": "v4.0",
                "ftps_state": "AllAllowed",
                "health_check_path": "",
                "http2_enabled": false,
                "ip_restriction": [],
                "java_container": "",
                "java_container_version": "",
                "java_version": "",
                "linux_fx_version": "DOCKER|acrlabwewebapp123456789012.azurecr.io/azure-lab:latest",
                "local_mysql_enabled": false,
                "managed_pipeline_mode": "Integrated",
                "min_tls_version": "1.2",
                "number_of_workers": 1,
                "php_version": "",
                "python_version": "",
                "remote_debugging_enabled": false,
                "remote_debugging_version": "VS2019",
                "scm_ip_restriction": [],
                "scm_type": "None",
                "scm_use_main_ip_restriction": false,
                "use_32_bit_worker_process": false,
                "websockets_enabled": false,
                "windows_fx_version": ""
              }
            ],
            "site_credential": [
              {
                "password": "stmgRvsvEMZhfMhwaHdJutr9t4dyKwe7dAWl2xEEnT2xkpApAThhN5SSeEBg",
                "username": "$wa-lab-we-webapp123456789012"
              }
            ],
            "source_control": [
              {
                "branch": "master",
                "manual_integration": false,
                "repo_url": "",
                "rollback_enabled": false,
                "use_mercurial": false
              }
            ],
            "storage_account": [],
            "tags": null,
            "timeouts": null
          },
          "sensitive_attributes": [],
          "private": "eyJlMmJmYjczMC1lY2FhLTExZTYtOGY4OC0zNDM2M2JjN2M0YzAiOnsiY3JlYXRlIjoxODAwMDAwMDAwMDAwLCJkZWxldGUiOjE4MDAwMDAwMDAwMDAsInJlYWQiOjMwMDAwMDAwMDAwMCwidXBkYXRlIjoxODAwMDAwMDAwMDAwfX0=",
          "dependencies": [
            "azurerm_app_service_plan.this",
            "azurerm_container_registry.this",
            "azurerm_resource_group.this"
          ]
        }
      ]
    },
    {
      "mode": "managed",
      "type": "azurerm_app_service_plan",
      "name": "this",
      "provider": "provider[\"registry.terraform.io/hashicorp/azurerm\"]",
      "instances": [
        {
          "schema_version": 0,
          "attributes": {
            "app_service_environment_id": "",
            "id": "/subscriptions/17612f34-5864-426a-bdf4-6511bdf52796/resourceGroups/rg-lab-we-webapp123456789012/providers/Microsoft.Web/serverfarms/asp-lab-we-webapp123456789012",
            "is_xenon": false,
            "kind": "linux",
            "location": "westeurope",
            "maximum_elastic_worker_count": 1,
            "maximum_number_of_workers": 3,
            "name": "asp-lab-we-webapp123456789012",
            "per_site_scaling": false,
            "reserved": true,
            "resource_group_name": "rg-lab-we-webapp123456789012",
            "sku": [
              {
                "capacity": 1,
                "size": "B1",
                "tier": "Basic"
              }
            ],
            "tags": null,
            "timeouts": null
          },
          "sensitive_attributes": [],
          "private": "eyJlMmJmYjczMC1lY2FhLTExZTYtOGY4OC0zNDM2M2JjN2M0YzAiOnsiY3JlYXRlIjozNjAwMDAwMDAwMDAwLCJkZWxldGUiOjM2MDAwMDAwMDAwMDAsInJlYWQiOjMwMDAwMDAwMDAwMCwidXBkYXRlIjozNjAwMDAwMDAwMDAwfX0=",
          "dependencies": [
            "azurerm_resource_group.this"
          ]
        }
      ]
    },
    {
      "mode": "managed",
      "type": "azurerm_container_registry",
      "name": "this",
      "provider": "provider[\"registry.terraform.io/hashicorp/azurerm\"]",
      "instances": [
        {
          "schema_version": 2,
          "attributes": {
            "admin_enabled": true,
            "admin_password": "BY=NGRMnGPW8/Ajq4cTrE08Jo+2elPBm",
            "admin_username": "acrlabwewebapp123456789012",
            "georeplication_locations": null,
            "id": "/subscriptions/17612f34-5864-426a-bdf4-6511bdf52796/resourceGroups/rg-lab-we-webapp123456789012/providers/Microsoft.ContainerRegistry/registries/acrlabwewebapp123456789012",
            "location": "westeurope",
            "login_server": "acrlabwewebapp123456789012.azurecr.io",
            "name": "acrlabwewebapp123456789012",
            "network_rule_set": [],
            "resource_group_name": "rg-lab-we-webapp123456789012",
            "retention_policy": [
              {
                "days": 7,
                "enabled": false
              }
            ],
            "sku": "Basic",
            "storage_account_id": null,
            "tags": null,
            "timeouts": null,
            "trust_policy": [
              {
                "enabled": false
              }
            ]
          },
          "sensitive_attributes": [],
          "private": "eyJlMmJmYjczMC1lY2FhLTExZTYtOGY4OC0zNDM2M2JjN2M0YzAiOnsiY3JlYXRlIjoxODAwMDAwMDAwMDAwLCJkZWxldGUiOjE4MDAwMDAwMDAwMDAsInJlYWQiOjMwMDAwMDAwMDAwMCwidXBkYXRlIjoxODAwMDAwMDAwMDAwfSwic2NoZW1hX3ZlcnNpb24iOiIyIn0=",
          "dependencies": [
            "azurerm_resource_group.this"
          ]
        }
      ]
    },
    {
      "mode": "managed",
      "type": "azurerm_container_registry_webhook",
      "name": "this",
      "provider": "provider[\"registry.terraform.io/hashicorp/azurerm\"]",
      "instances": [
        {
          "schema_version": 0,
          "attributes": {
            "actions": [
              "push"
            ],
            "custom_headers": null,
            "id": "/subscriptions/17612f34-5864-426a-bdf4-6511bdf52796/resourceGroups/rg-lab-we-webapp123456789012/providers/Microsoft.ContainerRegistry/registries/acrlabwewebapp123456789012/webhooks/webappwalabwewebapp123456789012",
            "location": "westeurope",
            "name": "webappwalabwewebapp123456789012",
            "registry_name": "acrlabwewebapp123456789012",
            "resource_group_name": "rg-lab-we-webapp123456789012",
            "scope": "azure-lab:latest",
            "service_uri": "https://$wa-lab-we-webapp123456789012:stmgRvsvEMZhfMhwaHdJutr9t4dyKwe7dAWl2xEEnT2xkpApAThhN5SSeEBg@wa-lab-we-webapp123456789012.scm.azurewebsites.net/docker/hook",
            "status": "enabled",
            "tags": null,
            "timeouts": null
          },
          "sensitive_attributes": [],
          "private": "eyJlMmJmYjczMC1lY2FhLTExZTYtOGY4OC0zNDM2M2JjN2M0YzAiOnsiY3JlYXRlIjoxODAwMDAwMDAwMDAwLCJkZWxldGUiOjE4MDAwMDAwMDAwMDAsInJlYWQiOjMwMDAwMDAwMDAwMCwidXBkYXRlIjoxODAwMDAwMDAwMDAwfX0=",
          "dependencies": [
            "azurerm_app_service.this",
            "azurerm_app_service_plan.this",
            "azurerm_container_registry.this",
            "azurerm_resource_group.this"
          ]
        }
      ]
    },
    {
      "mode": "managed",
      "type": "azurerm_resource_group",
      "name": "this",
      "provider": "provider[\"registry.terraform.io/hashicorp/azurerm\"]",
      "instances": [
        {
          "schema_version": 0,
          "attributes": {
            "id": "/subscriptions/17612f34-5864-426a-bdf4-6511bdf52796/resourceGroups/rg-lab-we-webapp123456789012",
            "location": "westeurope",
            "name": "rg-lab-we-webapp123456789012",
            "tags": null,
            "timeouts": null
          },
          "sensitive_attributes": [],
          "private": "eyJlMmJmYjczMC1lY2FhLTExZTYtOGY4OC0zNDM2M2JjN2M0YzAiOnsiY3JlYXRlIjo1NDAwMDAwMDAwMDAwLCJkZWxldGUiOjU0MDAwMDAwMDAwMDAsInJlYWQiOjMwMDAwMDAwMDAwMCwidXBkYXRlIjo1NDAwMDAwMDAwMDAwfX0="
        }
      ]
    }
  ]
}
